
Microsoft Visual Studio Solution File, Format Version 12.00
# Visual Studio Version 16
VisualStudioVersion = 16.0.30717.126
MinimumVisualStudioVersion = 10.0.40219.1
Project("{FAE04EC0-301F-11D3-BF4B-00C04F79EFBC}") = "ControlClienteApp.Android", "ControlClienteApp\ControlClienteApp.Android\ControlClienteApp.Android.csproj", "{F594E604-2644-4ADD-B39D-D64D09C5A14C}"
EndProject
Project("{FAE04EC0-301F-11D3-BF4B-00C04F79EFBC}") = "ControlClienteApp.iOS", "ControlClienteApp\ControlClienteApp.iOS\ControlClienteApp.iOS.csproj", "{EC6C0606-FBEC-4516-BFC6-93D3BDA09CCB}"
EndProject
Project("{FAE04EC0-301F-11D3-BF4B-00C04F79EFBC}") = "ControlClienteApp", "ControlClienteApp\ControlClienteApp\ControlClienteApp.csproj", "{81476AB7-6257-462A-8EEC-F17048CB4609}"
EndProject
Global
	GlobalSection(SolutionConfigurationPlatforms) = preSolution
		Debug|Any CPU = Debug|Any CPU
		Debug|iPhone = Debug|iPhone
		Debug|iPhoneSimulator = Debug|iPhoneSimulator
		Release|Any CPU = Release|Any CPU
		Release|iPhone = Release|iPhone
		Release|iPhoneSimulator = Release|iPhoneSimulator
	EndGlobalSection
	GlobalSection(ProjectConfigurationPlatforms) = postSolution
		{F594E604-2644-4ADD-B39D-D64D09C5A14C}.Debug|Any CPU.ActiveCfg = Debug|Any CPU
		{F594E604-2644-4ADD-B39D-D64D09C5A14C}.Debug|Any CPU.Build.0 = Debug|Any CPU
		{F594E604-2644-4ADD-B39D-D64D09C5A14C}.Debug|Any CPU.Deploy.0 = Debug|Any CPU
		{F594E604-2644-4ADD-B39D-D64D09C5A14C}.Debug|iPhone.ActiveCfg = Debug|Any CPU
		{F594E604-2644-4ADD-B39D-D64D09C5A14C}.Debug|iPhone.Build.0 = Debug|Any CPU
		{F594E604-2644-4ADD-B39D-D64D09C5A14C}.Debug|iPhone.Deploy.0 = Debug|Any CPU
		{F594E604-2644-4ADD-B39D-D64D09C5A14C}.Debug|iPhoneSimulator.ActiveCfg = Debug|Any CPU
		{F594E604-2644-4ADD-B39D-D64D09C5A14C}.Debug|iPhoneSimulator.Build.0 = Debug|Any CPU
		{F594E604-2644-4ADD-B39D-D64D09C5A14C}.Debug|iPhoneSimulator.Deploy.0 = Debug|Any CPU
		{F594E604-2644-4ADD-B39D-D64D09C5A14C}.Release|Any CPU.ActiveCfg = Release|Any CPU
		{F594E604-2644-4ADD-B39D-D64D09C5A14C}.Release|Any CPU.Build.0 = Release|Any CPU
		{F594E604-2644-4ADD-B39D-D64D09C5A14C}.Release|Any CPU.Deploy.0 = Release|Any CPU
		{F594E604-2644-4ADD-B39D-D64D09C5A14C}.Release|iPhone.ActiveCfg = Release|Any CPU
		{F594E604-2644-4ADD-B39D-D64D09C5A14C}.Release|iPhone.Build.0 = Release|Any CPU
		{F594E604-2644-4ADD-B39D-D64D09C5A14C}.Release|iPhone.Deploy.0 = Release|Any CPU
		{F594E604-2644-4ADD-B39D-D64D09C5A14C}.Release|iPhoneSimulator.ActiveCfg = Release|Any CPU
		{F594E604-2644-4ADD-B39D-D64D09C5A14C}.Release|iPhoneSimulator.Build.0 = Release|Any CPU
		{F594E604-2644-4ADD-B39D-D64D09C5A14C}.Release|iPhoneSimulator.Deploy.0 = Release|Any CPU
		{EC6C0606-FBEC-4516-BFC6-93D3BDA09CCB}.Debug|Any CPU.ActiveCfg = Debug|iPhone
		{EC6C0606-FBEC-4516-BFC6-93D3BDA09CCB}.Debug|Any CPU.Build.0 = Debug|iPhone
		{EC6C0606-FBEC-4516-BFC6-93D3BDA09CCB}.Debug|Any CPU.Deploy.0 = Debug|iPhone
		{EC6C0606-FBEC-4516-BFC6-93D3BDA09CCB}.Debug|iPhone.ActiveCfg = Debug|iPhone
		{EC6C0606-FBEC-4516-BFC6-93D3BDA09CCB}.Debug|iPhone.Build.0 = Debug|iPhone
		{EC6C0606-FBEC-4516-BFC6-93D3BDA09CCB}.Debug|iPhone.Deploy.0 = Debug|iPhone
		{EC6C0606-FBEC-4516-BFC6-93D3BDA09CCB}.Debug|iPhoneSimulator.ActiveCfg = Debug|iPhoneSimulator
		{EC6C0606-FBEC-4516-BFC6-93D3BDA09CCB}.Debug|iPhoneSimulator.Build.0 = Debug|iPhoneSimulator
		{EC6C0606-FBEC-4516-BFC6-93D3BDA09CCB}.Debug|iPhoneSimulator.Deploy.0 = Debug|iPhoneSimulator
		{EC6C0606-FBEC-4516-BFC6-93D3BDA09CCB}.Release|Any CPU.ActiveCfg = Release|iPhoneSimulator
		{EC6C0606-FBEC-4516-BFC6-93D3BDA09CCB}.Release|Any CPU.Build.0 = Release|iPhoneSimulator
		{EC6C0606-FBEC-4516-BFC6-93D3BDA09CCB}.Release|Any CPU.Deploy.0 = Release|iPhoneSimulator
		{EC6C0606-FBEC-4516-BFC6-93D3BDA09CCB}.Release|iPhone.ActiveCfg = Release|iPhone
		{EC6C0606-FBEC-4516-BFC6-93D3BDA09CCB}.Release|iPhone.Build.0 = Release|iPhone
		{EC6C0606-FBEC-4516-BFC6-93D3BDA09CCB}.Release|iPhone.Deploy.0 = Release|iPhone
		{EC6C0606-FBEC-4516-BFC6-93D3BDA09CCB}.Release|iPhoneSimulator.ActiveCfg = Release|iPhoneSimulator
		{EC6C0606-FBEC-4516-BFC6-93D3BDA09CCB}.Release|iPhoneSimulator.Build.0 = Release|iPhoneSimulator
		{EC6C0606-FBEC-4516-BFC6-93D3BDA09CCB}.Release|iPhoneSimulator.Deploy.0 = Release|iPhoneSimulator
		{81476AB7-6257-462A-8EEC-F17048CB4609}.Debug|Any CPU.ActiveCfg = Debug|Any CPU
		{81476AB7-6257-462A-8EEC-F17048CB4609}.Debug|Any CPU.Build.0 = Debug|Any CPU
		{81476AB7-6257-462A-8EEC-F17048CB4609}.Debug|Any CPU.Deploy.0 = Debug|Any CPU
		{81476AB7-6257-462A-8EEC-F17048CB4609}.Debug|iPhone.ActiveCfg = Debug|Any CPU
		{81476AB7-6257-462A-8EEC-F17048CB4609}.Debug|iPhone.Build.0 = Debug|Any CPU
		{81476AB7-6257-462A-8EEC-F17048CB4609}.Debug|iPhone.Deploy.0 = Debug|Any CPU
		{81476AB7-6257-462A-8EEC-F17048CB4609}.Debug|iPhoneSimulator.ActiveCfg = Debug|Any CPU
		{81476AB7-6257-462A-8EEC-F17048CB4609}.Debug|iPhoneSimulator.Build.0 = Debug|Any CPU
		{81476AB7-6257-462A-8EEC-F17048CB4609}.Debug|iPhoneSimulator.Deploy.0 = Debug|Any CPU
		{81476AB7-6257-462A-8EEC-F17048CB4609}.Release|Any CPU.ActiveCfg = Release|Any CPU
		{81476AB7-6257-462A-8EEC-F17048CB4609}.Release|Any CPU.Build.0 = Release|Any CPU
		{81476AB7-6257-462A-8EEC-F17048CB4609}.Release|Any CPU.Deploy.0 = Release|Any CPU
		{81476AB7-6257-462A-8EEC-F17048CB4609}.Release|iPhone.ActiveCfg = Release|Any CPU
		{81476AB7-6257-462A-8EEC-F17048CB4609}.Release|iPhone.Build.0 = Release|Any CPU
		{81476AB7-6257-462A-8EEC-F17048CB4609}.Release|iPhone.Deploy.0 = Release|Any CPU
		{81476AB7-6257-462A-8EEC-F17048CB4609}.Release|iPhoneSimulator.ActiveCfg = Release|Any CPU
		{81476AB7-6257-462A-8EEC-F17048CB4609}.Release|iPhoneSimulator.Build.0 = Release|Any CPU
		{81476AB7-6257-462A-8EEC-F17048CB4609}.Release|iPhoneSimulator.Deploy.0 = Release|Any CPU
	EndGlobalSection
	GlobalSection(SolutionProperties) = preSolution
		HideSolutionNode = FALSE
	EndGlobalSection
	GlobalSection(ExtensibilityGlobals) = postSolution
		SolutionGuid = {8D0D8A3E-0C4A-4C2C-B8CB-62AEFF59F0D0}
	EndGlobalSection
EndGlobal
